
Microsoft Visual Studio Solution File, Format Version 12.00
# Visual Studio Version 17
VisualStudioVersion = 17.2.32526.322
MinimumVisualStudioVersion = 10.0.40219.1
Project("{FAE04EC0-301F-11D3-BF4B-00C04F79EFBC}") = "demo1", "demo1\demo1.csproj", "{BE893EC4-9A75-463F-9EE3-44CA3080E2F3}"
EndProject
Global
	GlobalSection(SolutionConfigurationPlatforms) = preSolution
		Debug|Any CPU = Debug|Any CPU
		Release|Any CPU = Release|Any CPU
	EndGlobalSection
	GlobalSection(ProjectConfigurationPlatforms) = postSolution
		{BE893EC4-9A75-463F-9EE3-44CA3080E2F3}.Debug|Any CPU.ActiveCfg = Debug|Any CPU
		{BE893EC4-9A75-463F-9EE3-44CA3080E2F3}.Debug|Any CPU.Build.0 = Debug|Any CPU
		{BE893EC4-9A75-463F-9EE3-44CA3080E2F3}.Release|Any CPU.ActiveCfg = Release|Any CPU
		{BE893EC4-9A75-463F-9EE3-44CA3080E2F3}.Release|Any CPU.Build.0 = Release|Any CPU
	EndGlobalSection
	GlobalSection(SolutionProperties) = preSolution
		HideSolutionNode = FALSE
	EndGlobalSection
	GlobalSection(ExtensibilityGlobals) = postSolution
		SolutionGuid = {DDC16E88-7C1C-4D74-B5F5-6C18B51E0ADE}
	EndGlobalSection
EndGlobal
